dmpnn_train:
  cmd: /home/mol/anaconda3/envs/chemprop/bin/python train.py --data_path ../../../data/raw/baselines/dmpnn/logp_wo_averaging_train_val.csv
    --dataset_type regression --separate_test_path ../../../data/raw/baselines/dmpnn/logp_wo_averaging_test.csv
    --no_features_scaling --split_type k-fold --num_folds 4 --num_workers 0
  deps:
  - path: ../../../data/raw/baselines/dmpnn/logp_wo_averaging_test.csv
    md5: ace8b2e2230258fe2eeb4575e3212549
  - path: ../../../data/raw/baselines/dmpnn/logp_wo_averaging_train_val.csv
    md5: 09fe5babb66f502d092677642c50ed3d
  - path: train.py
    md5: 4d3a6fc1400e6741955175c61f2cc0da
  params:
    params.yaml:
      depth: 6
      epochs: 100
      features_generator: rdkit_2d_normalized
      num_folds: 4
      save_dir: ../../../data/raw/baselines/dmpnn/logs/exp_220
      split_type: k-fold
  outs:
  - path: ../../../data/raw/baselines/dmpnn/logs/exp_220
    md5: 48f0e34a980cea1de0ad7955148ee82c.dir
