train:
  cmd: python scripts/baseline_improvements/chemprop/train.py --config_path scripts/baseline_improvements/chemprop/datasets/config.json
    --data_path scripts/baseline_improvements/chemprop/datasets/logp_wo_averaging_train.csv
    --dataset_type regression
  deps:
  - path: scripts/baseline_improvements/chemprop/datasets
    md5: 5cf4d0af8a1337373fdf0899b7675947.dir
  - path: scripts/baseline_improvements/chemprop/datasets/config.json
    md5: e63bd8c488983665d8009c3391066174
  - path: scripts/baseline_improvements/chemprop/train.py
    md5: cdeeac5454ea1cf893ab32e581ce9438
  outs:
  - path: scripts/baseline_improvements/chemprop/out
    md5: 626693f105b7ab3420129deb41861221.dir
