dmpnn_train:
  cmd: /home/mol/anaconda3/envs/chemprop/bin/python ./scripts/SOTA/dmpnn/train.py
    --dataset_type regression --num_workers 0
  deps:
  - path: ./data/3_final_data/split_data/logd_wo_averaging_test.csv
    md5: a6965e8ec81a0295303b4e067528e526
  - path: ./data/3_final_data/split_data/logp_logd_Lip_wo_averaging_test.csv
    md5: af529a93cbf2b93bd4725da533cf0ec3
  - path: ./data/3_final_data/split_data/logp_wo_averaging_test.csv
    md5: d264256dacc2f2b263c241d746bf9f40
  - path: ./data/raw/baselines/dmpnn/RDKitBestfeatures.txt
    md5: 167bbab04dd44d318ed593c2828b40e9
  - path: ./data/raw/baselines/dmpnn/train_val_dataset.csv
    md5: 8ea44ade97dc10c0d85c11a561ddec22
  - path: ./scripts/SOTA/dmpnn/
    md5: 184a101b4d5d04b07cc62900c80a284f.dir
  params:
    params.yaml:
      additional_encoder: true
      data_path: ./data/raw/baselines/dmpnn/train_val_dataset.csv
      depth: 6
      epochs: 100
      features_generator: rdkit_2d_normalized_best
      file_prefix: logp_logd_Lip_wo_averaging
      hidden_size: 800
      no_features_scaling: true
      num_folds: 4
      save_dir: ./data/raw/baselines/dmpnn/logs/exp_221/folds
      separate_test_path: ./data/3_final_data/split_data
      split_type: k-fold
      substructures_hidden_size: 300
      target_column:
      - logD
      - logP
  outs:
  - path: ./data/raw/baselines/dmpnn/logs/exp_221/final_scores.json
    md5: 1b87d70e6060984cffcd0eb3b71a6f5c
  - path: ./data/raw/baselines/dmpnn/logs/exp_221/folds
    md5: b7c8af590e81f85761a252c2d9aa3be4.dir
preparation:
  cmd: /home/mol/anaconda3/envs/chemprop/bin/python ./scripts/SOTA/dmpnn/train_val_data_preparation.py
  deps:
  - path: ./data/3_final_data/split_data/logd_wo_averaging_train.csv
    md5: 531143a9ddf06dbb3725435dc43d67b4
  - path: ./data/3_final_data/split_data/logd_wo_averaging_validation.csv
    md5: d62c94b3db91411be3c9fbe75cb39ce0
  - path: ./data/3_final_data/split_data/logp_logd_Lip_wo_averaging_train.csv
    md5: 775d55e7a4c5ac61edf042ef7a3fd285
  - path: ./data/3_final_data/split_data/logp_logd_Lip_wo_averaging_validation.csv
    md5: 27ea001d726570ddd0c13bd068852119
  - path: ./data/3_final_data/split_data/logp_wo_averaging_train.csv
    md5: 45e75fcfa52caa39a8d38680a0cf549a
  - path: ./data/3_final_data/split_data/logp_wo_averaging_validation.csv
    md5: db99f77e5a34e90007c968f22dbc06db
  - path: ./scripts/SOTA/dmpnn/train_val_data_preparation.py
    md5: 3cc594ce1c8e16aba6d859c5d8aef60b
  params:
    params.yaml:
      file_prefix: logp_logd_Lip_wo_averaging
  outs:
  - path: ./data/raw/baselines/dmpnn/train_val_dataset.csv
    md5: 8ea44ade97dc10c0d85c11a561ddec22
