dmpnn_train:
  cmd: /home/mol/anaconda3/envs/chemprop/bin/python train.py --data_path ../../../data/raw/baselines/dmpnn/logp_wo_averaging_train_val.csv
    --dataset_type regression --separate_test_path ../../../data/3_final_data/split_data/logp_wo_averaging_test.csv
    --num_workers 0
  deps:
  - path: ../../../data/3_final_data/split_data/logp_wo_averaging_test.csv
    md5: d264256dacc2f2b263c241d746bf9f40
  - path: ../../../data/raw/baselines/dmpnn/RDKitBestfeatures.txt
    md5: 167bbab04dd44d318ed593c2828b40e9
  - path: ../../../data/raw/baselines/dmpnn/logp_wo_averaging_train_val.csv
    md5: d9eccb419ecbf9c40df33ae35251e43f
  - path: ./
    md5: 9a76aeee3171754878d1c16b9dbc9a6d.dir
  params:
    params.yaml:
      depth: 6
      epochs: 100
      features_generator: rdkit_2d
      no_features_scaling: false
      num_folds: 4
      save_dir: ../../../data/raw/baselines/dmpnn/logs/exp_221
      split_type: k-fold
  outs:
  - path: ../../../data/raw/baselines/dmpnn/logs/exp_221/final_scores.json
    md5: 3ee4163ce3ef4be19d37d2229ce1a10f
  - path: ../../../data/raw/baselines/dmpnn/logs/exp_221/fold_0
    md5: 2977876506deac28efd4f5a8d27cf024.dir
preparation:
  cmd: /home/mol/anaconda3/envs/chemprop/bin/python train_val_data_preparation.py
  deps:
  - path: ../../../data/3_final_data/split_data/logp_wo_averaging_train.csv
    md5: 45e75fcfa52caa39a8d38680a0cf549a
  - path: ../../../data/3_final_data/split_data/logp_wo_averaging_validation.csv
    md5: db99f77e5a34e90007c968f22dbc06db
  - path: train_val_data_preparation.py
    md5: dd7edfdcfe60a1666d8d411568febe38
  outs:
  - path: ../../../data/raw/baselines/dmpnn/logp_wo_averaging_train_val.csv
    md5: d9eccb419ecbf9c40df33ae35251e43f
