dmpnn_train:
  cmd: /home/mol/anaconda3/envs/chemprop/bin/python train.py --data_path ../../../data/raw/baselines/dmpnn/logp_wo_averaging_train_val.csv
    --dataset_type regression --separate_test_path ../../../data/3_final_data/split_data/logp_wo_averaging_test.csv
    --no_features_scaling --num_workers 0
  deps:
  - path: ../../../data/3_final_data/split_data/logp_wo_averaging_test.csv
    md5: d264256dacc2f2b263c241d746bf9f40
  - path: ../../../data/raw/baselines/dmpnn/logp_wo_averaging_train_val.csv
    md5: 09fe5babb66f502d092677642c50ed3d
  - path: ./
    md5: f2069bfad2af21ee057eabbdb8df7124.dir
  params:
    params.yaml:
      depth: 6
      epochs: 100
      features_generator: rdkit_2d_normalized
      num_folds: 4
      save_dir: ../../../data/raw/baselines/dmpnn/logs/exp_221
      split_type: k-fold
  outs:
  - path: ../../../data/raw/baselines/dmpnn/logs/exp_221
    md5: fb892070b6d5de50c3b8bb18715ebe15.dir
